github.com/deixis/faults v1.0.1 h1:4KbZaJvqOfc2cWh3CjWU2ynGWRY/OpDr2DOgp2j6zeQ=
github.com/deixis/faults v1.0.1/go.mod h1:TmAFyR/M6swaIznYCjZBqZMVJg5MYOJFOsTYOawLZK4=
golang.org/x/time v0.15.0 h1:bbrp8t3bGUeFOx08pvsMYRTCVSMk89u4tKbNOZbp88U=
golang.org/x/time v0.15.0/go.mod h1:Y4YMaQmXwGQZoFaVFk4YpCt4FLQMYKZe9oeV/f4MSno=
